
Microsoft Visual Studio Solution File, Format Version 12.00
# Visual Studio Version 16
VisualStudioVersion = 16.0.31129.286
MinimumVisualStudioVersion = 10.0.40219.1
Project("{9A19103F-16F7-4668-BE54-9A1E7A4F7556}") = "JWTAuthentication.WebApi", "JWTAuthentication.WebApi.csproj", "{2C47E103-FA87-4AE1-A7F3-8842FE28077B}"
EndProject
Global
	GlobalSection(SolutionConfigurationPlatforms) = preSolution
		Debug|Any CPU = Debug|Any CPU
		Release|Any CPU = Release|Any CPU
	EndGlobalSection
	GlobalSection(ProjectConfigurationPlatforms) = postSolution
		{2C47E103-FA87-4AE1-A7F3-8842FE28077B}.Debug|Any CPU.ActiveCfg = Debug|Any CPU
		{2C47E103-FA87-4AE1-A7F3-8842FE28077B}.Debug|Any CPU.Build.0 = Debug|Any CPU
		{2C47E103-FA87-4AE1-A7F3-8842FE28077B}.Release|Any CPU.ActiveCfg = Release|Any CPU
		{2C47E103-FA87-4AE1-A7F3-8842FE28077B}.Release|Any CPU.Build.0 = Release|Any CPU
	EndGlobalSection
	GlobalSection(SolutionProperties) = preSolution
		HideSolutionNode = FALSE
	EndGlobalSection
	GlobalSection(ExtensibilityGlobals) = postSolution
		SolutionGuid = {590EABB9-F22D-4E57-9587-5B3EA08283D9}
	EndGlobalSection
EndGlobal
